
Microsoft Visual Studio Solution File, Format Version 12.00
# Visual Studio Version 17
VisualStudioVersion = 17.4.33213.308
MinimumVisualStudioVersion = 10.0.40219.1
Project("{FAE04EC0-301F-11D3-BF4B-00C04F79EFBC}") = "Entities", "Entities\Entities.csproj", "{62C01F9D-1CF4-4310-A0A1-F6B878A5F3BD}"
EndProject
Project("{FAE04EC0-301F-11D3-BF4B-00C04F79EFBC}") = "DAL", "DAL\DAL.csproj", "{5D8CCBB8-0C87-4603-A86C-F547859E66AF}"
EndProject
Project("{FAE04EC0-301F-11D3-BF4B-00C04F79EFBC}") = "BackEnd", "BackEnd\BackEnd.csproj", "{EE3F6C99-36A2-4504-82F0-D88821F1D4B7}"
EndProject
Global
	GlobalSection(SolutionConfigurationPlatforms) = preSolution
		Debug|Any CPU = Debug|Any CPU
		Release|Any CPU = Release|Any CPU
	EndGlobalSection
	GlobalSection(ProjectConfigurationPlatforms) = postSolution
		{62C01F9D-1CF4-4310-A0A1-F6B878A5F3BD}.Debug|Any CPU.ActiveCfg = Debug|Any CPU
		{62C01F9D-1CF4-4310-A0A1-F6B878A5F3BD}.Debug|Any CPU.Build.0 = Debug|Any CPU
		{62C01F9D-1CF4-4310-A0A1-F6B878A5F3BD}.Release|Any CPU.ActiveCfg = Release|Any CPU
		{62C01F9D-1CF4-4310-A0A1-F6B878A5F3BD}.Release|Any CPU.Build.0 = Release|Any CPU
		{5D8CCBB8-0C87-4603-A86C-F547859E66AF}.Debug|Any CPU.ActiveCfg = Debug|Any CPU
		{5D8CCBB8-0C87-4603-A86C-F547859E66AF}.Debug|Any CPU.Build.0 = Debug|Any CPU
		{5D8CCBB8-0C87-4603-A86C-F547859E66AF}.Release|Any CPU.ActiveCfg = Release|Any CPU
		{5D8CCBB8-0C87-4603-A86C-F547859E66AF}.Release|Any CPU.Build.0 = Release|Any CPU
		{EE3F6C99-36A2-4504-82F0-D88821F1D4B7}.Debug|Any CPU.ActiveCfg = Debug|Any CPU
		{EE3F6C99-36A2-4504-82F0-D88821F1D4B7}.Debug|Any CPU.Build.0 = Debug|Any CPU
		{EE3F6C99-36A2-4504-82F0-D88821F1D4B7}.Release|Any CPU.ActiveCfg = Release|Any CPU
		{EE3F6C99-36A2-4504-82F0-D88821F1D4B7}.Release|Any CPU.Build.0 = Release|Any CPU
	EndGlobalSection
	GlobalSection(SolutionProperties) = preSolution
		HideSolutionNode = FALSE
	EndGlobalSection
	GlobalSection(ExtensibilityGlobals) = postSolution
		SolutionGuid = {9280645C-E043-4E2A-945B-B43ECE8FB4EA}
	EndGlobalSection
EndGlobal
